
Microsoft Visual Studio Solution File, Format Version 12.00
# Visual Studio Version 17
VisualStudioVersion = 17.5.002.0
MinimumVisualStudioVersion = 10.0.40219.1
Project("{9A19103F-16F7-4668-BE54-9A1E7A4F7556}") = "PasswordGenerator", "PasswordGenerator.csproj", "{DE7108A5-8E49-4909-BD28-D6197ED55EF3}"
EndProject
Global
	GlobalSection(SolutionConfigurationPlatforms) = preSolution
		Debug|Any CPU = Debug|Any CPU
		Release|Any CPU = Release|Any CPU
	EndGlobalSection
	GlobalSection(ProjectConfigurationPlatforms) = postSolution
		{DE7108A5-8E49-4909-BD28-D6197ED55EF3}.Debug|Any CPU.ActiveCfg = Debug|Any CPU
		{DE7108A5-8E49-4909-BD28-D6197ED55EF3}.Debug|Any CPU.Build.0 = Debug|Any CPU
		{DE7108A5-8E49-4909-BD28-D6197ED55EF3}.Release|Any CPU.ActiveCfg = Release|Any CPU
		{DE7108A5-8E49-4909-BD28-D6197ED55EF3}.Release|Any CPU.Build.0 = Release|Any CPU
	EndGlobalSection
	GlobalSection(SolutionProperties) = preSolution
		HideSolutionNode = FALSE
	EndGlobalSection
	GlobalSection(ExtensibilityGlobals) = postSolution
		SolutionGuid = {7214E9C0-364F-4986-8C9C-C5546F50189B}
	EndGlobalSection
EndGlobal
