
Microsoft Visual Studio Solution File, Format Version 12.00
# Visual Studio Version 17
VisualStudioVersion = 17.5.002.0
MinimumVisualStudioVersion = 10.0.40219.1
Project("{9A19103F-16F7-4668-BE54-9A1E7A4F7556}") = "AppCharCounter", "AppCharCounter.csproj", "{31ABD721-CABD-4A1B-982B-B7C357C0CEAF}"
EndProject
Global
	GlobalSection(SolutionConfigurationPlatforms) = preSolution
		Debug|Any CPU = Debug|Any CPU
		Release|Any CPU = Release|Any CPU
	EndGlobalSection
	GlobalSection(ProjectConfigurationPlatforms) = postSolution
		{31ABD721-CABD-4A1B-982B-B7C357C0CEAF}.Debug|Any CPU.ActiveCfg = Debug|Any CPU
		{31ABD721-CABD-4A1B-982B-B7C357C0CEAF}.Debug|Any CPU.Build.0 = Debug|Any CPU
		{31ABD721-CABD-4A1B-982B-B7C357C0CEAF}.Release|Any CPU.ActiveCfg = Release|Any CPU
		{31ABD721-CABD-4A1B-982B-B7C357C0CEAF}.Release|Any CPU.Build.0 = Release|Any CPU
	EndGlobalSection
	GlobalSection(SolutionProperties) = preSolution
		HideSolutionNode = FALSE
	EndGlobalSection
	GlobalSection(ExtensibilityGlobals) = postSolution
		SolutionGuid = {914C9AD0-A7E7-4C25-9489-2769BB4BBC71}
	EndGlobalSection
EndGlobal
