
Microsoft Visual Studio Solution File, Format Version 12.00
# Visual Studio Version 17
VisualStudioVersion = 17.5.002.0
MinimumVisualStudioVersion = 10.0.40219.1
Project("{9A19103F-16F7-4668-BE54-9A1E7A4F7556}") = "BettingOdds", "BettingOdds.csproj", "{E7BEFA3C-88D4-4650-B3DE-77827D9984EF}"
EndProject
Global
	GlobalSection(SolutionConfigurationPlatforms) = preSolution
		Debug|Any CPU = Debug|Any CPU
		Release|Any CPU = Release|Any CPU
	EndGlobalSection
	GlobalSection(ProjectConfigurationPlatforms) = postSolution
		{E7BEFA3C-88D4-4650-B3DE-77827D9984EF}.Debug|Any CPU.ActiveCfg = Debug|Any CPU
		{E7BEFA3C-88D4-4650-B3DE-77827D9984EF}.Debug|Any CPU.Build.0 = Debug|Any CPU
		{E7BEFA3C-88D4-4650-B3DE-77827D9984EF}.Release|Any CPU.ActiveCfg = Release|Any CPU
		{E7BEFA3C-88D4-4650-B3DE-77827D9984EF}.Release|Any CPU.Build.0 = Release|Any CPU
	EndGlobalSection
	GlobalSection(SolutionProperties) = preSolution
		HideSolutionNode = FALSE
	EndGlobalSection
	GlobalSection(ExtensibilityGlobals) = postSolution
		SolutionGuid = {FBB8D998-EF64-48CE-A3B6-06FD0C1E3D64}
	EndGlobalSection
EndGlobal
